<?xml version="1.0" encoding="utf-8"?>
<Project ToolsVersion="4.0" xmlns="http://schemas.microsoft.com/developer/msbuild/2003">
  <ItemGroup>
    <ClCompile Include="CmdCheck.cpp" />
    <ClCompile Include="CmdMsg.cpp" />
    <ClCompile Include="demo_cmd.cpp" />
    <ClCompile Include="demo_datetime.cpp" />
    <ClCompile Include="demo_exit.cpp" />
    <ClCompile Include="init.cpp" />
    <ClCompile Include="main.cpp" />
    <ClCompile Include="Roles.cpp" />
    <ClCompile Include="StdInChannel.cpp" />
    <ClCompile Include="ZinxTimer.cpp" />
    <ClCompile Include="test_gamechannel.cpp">
      <Filter>test</Filter>
    </ClCompile>
    <ClCompile Include="GameChannel.cpp" />
    <ClCompile Include="GameMsg.cpp" />
    <ClCompile Include="GameProtocol.cpp" />
    <ClCompile Include="GameRole.cpp" />
    <ClCompile Include="test_gamemsg.cpp">
      <Filter>test</Filter>
    </ClCompile>
    <ClCompile Include="test_gamerole.cpp">
      <Filter>test</Filter>
    </ClCompile>
    <ClCompile Include="AOIWorld.cpp">
      <Filter>roles</Filter>
    </ClCompile>
  </ItemGroup>
  <ItemGroup>
    <ClInclude Include="CmdCheck.h" />
    <ClInclude Include="CmdMsg.h" />
    <ClInclude Include="Roles.h" />
    <ClInclude Include="StdInChannel.h" />
    <ClInclude Include="ZinxTimer.h" />
    <ClInclude Include="GameChannel.h" />
    <ClInclude Include="GameMsg.h" />
    <ClInclude Include="GameProtocol.h" />
    <ClInclude Include="GameRole.h" />
    <ClInclude Include="AOIWorld.h">
      <Filter>roles</Filter>
    </ClInclude>
  </ItemGroup>
  <ItemGroup>
    <None Include=".gitignore" />
  </ItemGroup>
  <ItemGroup>
    <Filter Include="test">
      <UniqueIdentifier>{000958a9-e497-49cb-9ff0-05c63d5d39f3}</UniqueIdentifier>
    </Filter>
    <Filter Include="roles">
      <UniqueIdentifier>{aeb4105b-8ba9-4dd7-bffa-53d93d5b95c4}</UniqueIdentifier>
    </Filter>
  </ItemGroup>
</Project>